PODS:
  - Flutter (1.0.0)
  - jpeg12 (0.1.0):
    - Flutter

DEPENDENCIES:
  - Flutter (from `Flutter`)
  - jpeg12 (from `.symlinks/plugins/jpeg12/ios`)

EXTERNAL SOURCES:
  Flutter:
    :path: Flutter
  jpeg12:
    :path: ".symlinks/plugins/jpeg12/ios"

SPEC CHECKSUMS:
  Flutter: 50d75fe2f02b26cc09d224853bb45737f8b3214a
  jpeg12: 031b3b41e531a1c53c4e6990061b511058fa937f

PODFILE CHECKSUM: aafe91acc616949ddb318b77800a7f51bffa2a4c

COCOAPODS: 1.11.2
